{
  "nodes": {
    "fenix": {
      "inputs": {
        "nixpkgs": [
          "nixpkgs"
        ],
        "rust-analyzer-src": "rust-analyzer-src"
      },
      "locked": {
        "lastModified": 1655188051,
        "narHash": "sha256-Cf/qNGb7Xw84TPPep0iIZLLhSXiFq9h+tt6TnfaQMrE=",
        "ref": "main",
        "rev": "522a4e99be1f8fcc94b94666c3a44677d668f539",
        "revCount": 1067,
        "type": "git",
        "url": "https://github.com/nix-community/fenix"
      },
      "original": {
        "ref": "main",
        "type": "git",
        "url": "https://github.com/nix-community/fenix"
      }
    },
    "naersk": {
      "inputs": {
        "nixpkgs": [
          "nixpkgs"
        ]
      },
      "locked": {
        "lastModified": 1655042882,
        "narHash": "sha256-9BX8Fuez5YJlN7cdPO63InoyBy7dm3VlJkkmTt6fS1A=",
        "ref": "master",
        "rev": "cddffb5aa211f50c4b8750adbec0bbbdfb26bb9f",
        "revCount": 302,
        "type": "git",
        "url": "https://github.com/nix-community/naersk"
      },
      "original": {
        "type": "git",
        "url": "https://github.com/nix-community/naersk"
      }
    },
    "nixpkgs": {
      "locked": {
        "lastModified": 0,
        "narHash": "sha256-Uvka0V5MTGbeOfWte25+tfRL3moECDh1VwokWSZUdoY=",
        "path": "/nix/store/ny7x54058ki7k1d3ny0jx5h6kw926mxv-source",
        "type": "path"
      },
      "original": {
        "id": "nixpkgs",
        "type": "indirect"
      }
    },
    "root": {
      "inputs": {
        "fenix": "fenix",
        "naersk": "naersk",
        "nixpkgs": "nixpkgs",
        "utils": "utils"
      }
    },
    "rust-analyzer-src": {
      "flake": false,
      "locked": {
        "lastModified": 1655114284,
        "narHash": "sha256-2yz3TexDtxXMMjYKn1SImavH3Zflkxte6/5ESncu5E4=",
        "owner": "rust-lang",
        "repo": "rust-analyzer",
        "rev": "7db73875ac0d9280ae93b14232249d9c1496583a",
        "type": "github"
      },
      "original": {
        "owner": "rust-lang",
        "ref": "nightly",
        "repo": "rust-analyzer",
        "type": "github"
      }
    },
    "utils": {
      "locked": {
        "lastModified": 1653893745,
        "narHash": "sha256-0jntwV3Z8//YwuOjzhV2sgJJPt+HY6KhU7VZUL0fKZQ=",
        "ref": "master",
        "rev": "1ed9fb1935d260de5fe1c2f7ee0ebaae17ed2fa1",
        "revCount": 58,
        "type": "git",
        "url": "https://github.com/numtide/flake-utils"
      },
      "original": {
        "type": "git",
        "url": "https://github.com/numtide/flake-utils"
      }
    }
  },
  "root": "root",
  "version": 7
}
